
Microsoft Visual Studio Solution File, Format Version 12.00
# Visual Studio Version 17
VisualStudioVersion = 17.4.33213.308
MinimumVisualStudioVersion = 10.0.40219.1
Project("{8BC9CEB8-8B4A-11D0-8D11-00A0C91BC942}") = "Zapart_Sebastian_Compulsory2", "Zapart_Sebastian_Compulsory2.vcxproj", "{3617A735-60B4-46DB-8880-3465BF4FA833}"
EndProject
Global
	GlobalSection(SolutionConfigurationPlatforms) = preSolution
		Debug|x64 = Debug|x64
		Debug|x86 = Debug|x86
		Release|x64 = Release|x64
		Release|x86 = Release|x86
	EndGlobalSection
	GlobalSection(ProjectConfigurationPlatforms) = postSolution
		{3617A735-60B4-46DB-8880-3465BF4FA833}.Debug|x64.ActiveCfg = Debug|x64
		{3617A735-60B4-46DB-8880-3465BF4FA833}.Debug|x64.Build.0 = Debug|x64
		{3617A735-60B4-46DB-8880-3465BF4FA833}.Debug|x86.ActiveCfg = Debug|Win32
		{3617A735-60B4-46DB-8880-3465BF4FA833}.Debug|x86.Build.0 = Debug|Win32
		{3617A735-60B4-46DB-8880-3465BF4FA833}.Release|x64.ActiveCfg = Release|x64
		{3617A735-60B4-46DB-8880-3465BF4FA833}.Release|x64.Build.0 = Release|x64
		{3617A735-60B4-46DB-8880-3465BF4FA833}.Release|x86.ActiveCfg = Release|Win32
		{3617A735-60B4-46DB-8880-3465BF4FA833}.Release|x86.Build.0 = Release|Win32
	EndGlobalSection
	GlobalSection(SolutionProperties) = preSolution
		HideSolutionNode = FALSE
	EndGlobalSection
	GlobalSection(ExtensibilityGlobals) = postSolution
		SolutionGuid = {5ED8425E-82E6-4A54-93A1-BAE2F191A83A}
	EndGlobalSection
EndGlobal
